
Microsoft Visual Studio Solution File, Format Version 12.00
# Visual Studio 15
VisualStudioVersion = 15.0.28307.438
MinimumVisualStudioVersion = 10.0.40219.1
Project("{FAE04EC0-301F-11D3-BF4B-00C04F79EFBC}") = "LoginAuthorization", "LoginAuthorization\LoginAuthorization.csproj", "{5DED4E06-6ED5-4855-94A5-126BE24A55BA}"
EndProject
Global
	GlobalSection(SolutionConfigurationPlatforms) = preSolution
		Debug|Any CPU = Debug|Any CPU
		Release|Any CPU = Release|Any CPU
	EndGlobalSection
	GlobalSection(ProjectConfigurationPlatforms) = postSolution
		{5DED4E06-6ED5-4855-94A5-126BE24A55BA}.Debug|Any CPU.ActiveCfg = Debug|Any CPU
		{5DED4E06-6ED5-4855-94A5-126BE24A55BA}.Debug|Any CPU.Build.0 = Debug|Any CPU
		{5DED4E06-6ED5-4855-94A5-126BE24A55BA}.Release|Any CPU.ActiveCfg = Release|Any CPU
		{5DED4E06-6ED5-4855-94A5-126BE24A55BA}.Release|Any CPU.Build.0 = Release|Any CPU
	EndGlobalSection
	GlobalSection(SolutionProperties) = preSolution
		HideSolutionNode = FALSE
	EndGlobalSection
	GlobalSection(ExtensibilityGlobals) = postSolution
		SolutionGuid = {932F45EE-0BC9-431F-85F4-2461FFB1649B}
	EndGlobalSection
EndGlobal
